// !$*UTF8*$!
{
	archiveVersion = 1;
	classes = {
	};
	objectVersion = 56;
	objects = {

/* Begin PBXBuildFile section */
		17A081685FA5963BEE8CF56F /* libPods-AventOfCode2022.a in Frameworks */ = {isa = PBXBuildFile; fileRef = C0918EF500496AE60EE9D6C7 /* libPods-AventOfCode2022.a */; };
		5832A07D29565F0D00A78902 /* main.swift in Sources */ = {isa = PBXBuildFile; fileRef = 5832A07C29565F0D00A78902 /* main.swift */; };
		5832A08529565F3900A78902 /* ArgumentParser in Frameworks */ = {isa = PBXBuildFile; productRef = 5832A08429565F3900A78902 /* ArgumentParser */; };
		5832A090295664CF00A78902 /* day1.swift in Sources */ = {isa = PBXBuildFile; fileRef = 5832A08F295664CF00A78902 /* day1.swift */; };
		5844267329573CCF00B77BD7 /* day2.swift in Sources */ = {isa = PBXBuildFile; fileRef = 5844267229573CCF00B77BD7 /* day2.swift */; };
		584FEFAA2964ABB40089C3AC /* day2Lib.swift in Sources */ = {isa = PBXBuildFile; fileRef = 584FEFA92964ABB40089C3AC /* day2Lib.swift */; };
		588FECFA2967DDE300FE57B0 /* day3.swift in Sources */ = {isa = PBXBuildFile; fileRef = 588FECF92967DDE300FE57B0 /* day3.swift */; };
		588FECFC2967DDEE00FE57B0 /* day3Lib.swift in Sources */ = {isa = PBXBuildFile; fileRef = 588FECFB2967DDEE00FE57B0 /* day3Lib.swift */; };
		58BEE626295E914800BFBC22 /* day1Lib.swift in Sources */ = {isa = PBXBuildFile; fileRef = 58BEE625295E914800BFBC22 /* day1Lib.swift */; };
		58BEE62E295EED9200BFBC22 /* AventOfCode2022Tests.swift in Sources */ = {isa = PBXBuildFile; fileRef = 58BEE62D295EED9200BFBC22 /* AventOfCode2022Tests.swift */; };
		58CD152E295DA05700D68429 /* lib.swift in Sources */ = {isa = PBXBuildFile; fileRef = 58CD152D295DA05700D68429 /* lib.swift */; };
/* End PBXBuildFile section */

/* Begin PBXCopyFilesBuildPhase section */
		5832A07729565F0D00A78902 /* Copy Files */ = {
			isa = PBXCopyFilesBuildPhase;
			buildActionMask = 2147483647;
			dstPath = /usr/share/man/man1;
			dstSubfolderSpec = 0;
			files = (
			);
			name = "Copy Files";
			runOnlyForDeploymentPostprocessing = 1;
		};
/* End PBXCopyFilesBuildPhase section */

/* Begin PBXFileReference section */
		5832A07929565F0D00A78902 /* AventOfCode2022 */ = {isa = PBXFileReference; explicitFileType = "compiled.mach-o.executable"; includeInIndex = 0; path = AventOfCode2022; sourceTree = BUILT_PRODUCTS_DIR; };
		5832A07C29565F0D00A78902 /* main.swift */ = {isa = PBXFileReference; lastKnownFileType = sourcecode.swift; path = main.swift; sourceTree = "<group>"; };
		5832A08D295664C700A78902 /* example.txt */ = {isa = PBXFileReference; lastKnownFileType = text; path = example.txt; sourceTree = "<group>"; };
		5832A08F295664CF00A78902 /* day1.swift */ = {isa = PBXFileReference; fileEncoding = 4; lastKnownFileType = sourcecode.swift; path = day1.swift; sourceTree = "<group>"; };
		5844267029571FD500B77BD7 /* input.txt */ = {isa = PBXFileReference; lastKnownFileType = text; path = input.txt; sourceTree = "<group>"; };
		5844267229573CCF00B77BD7 /* day2.swift */ = {isa = PBXFileReference; lastKnownFileType = sourcecode.swift; path = day2.swift; sourceTree = "<group>"; };
		584FEFA72964677D0089C3AC /* example.txt */ = {isa = PBXFileReference; lastKnownFileType = text; path = example.txt; sourceTree = "<group>"; };
		584FEFA82964678D0089C3AC /* input.txt */ = {isa = PBXFileReference; lastKnownFileType = text; path = input.txt; sourceTree = "<group>"; };
		584FEFA92964ABB40089C3AC /* day2Lib.swift */ = {isa = PBXFileReference; lastKnownFileType = sourcecode.swift; path = day2Lib.swift; sourceTree = "<group>"; };
		588FECF92967DDE300FE57B0 /* day3.swift */ = {isa = PBXFileReference; lastKnownFileType = sourcecode.swift; path = day3.swift; sourceTree = "<group>"; };
		588FECFB2967DDEE00FE57B0 /* day3Lib.swift */ = {isa = PBXFileReference; lastKnownFileType = sourcecode.swift; path = day3Lib.swift; sourceTree = "<group>"; };
		588FECFD2967DE0000FE57B0 /* example.txt */ = {isa = PBXFileReference; lastKnownFileType = text; path = example.txt; sourceTree = "<group>"; };
		588FECFE2967DE0C00FE57B0 /* input.txt */ = {isa = PBXFileReference; lastKnownFileType = text; path = input.txt; sourceTree = "<group>"; };
		58BEE625295E914800BFBC22 /* day1Lib.swift */ = {isa = PBXFileReference; lastKnownFileType = sourcecode.swift; path = day1Lib.swift; sourceTree = "<group>"; };
		58BEE62B295EED9200BFBC22 /* AventOfCode2022Tests.xctest */ = {isa = PBXFileReference; explicitFileType = wrapper.cfbundle; includeInIndex = 0; path = AventOfCode2022Tests.xctest; sourceTree = BUILT_PRODUCTS_DIR; };
		58BEE62D295EED9200BFBC22 /* AventOfCode2022Tests.swift */ = {isa = PBXFileReference; lastKnownFileType = sourcecode.swift; path = AventOfCode2022Tests.swift; sourceTree = "<group>"; };
		58CD152D295DA05700D68429 /* lib.swift */ = {isa = PBXFileReference; lastKnownFileType = sourcecode.swift; path = lib.swift; sourceTree = "<group>"; };
		8FDA68B36DAC826EF257C4E4 /* Pods-AventOfCode2022.debug.xcconfig */ = {isa = PBXFileReference; includeInIndex = 1; lastKnownFileType = text.xcconfig; name = "Pods-AventOfCode2022.debug.xcconfig"; path = "Target Support Files/Pods-AventOfCode2022/Pods-AventOfCode2022.debug.xcconfig"; sourceTree = "<group>"; };
		A3DF88696F4C165CBF714557 /* Pods-AventOfCode2022.release.xcconfig */ = {isa = PBXFileReference; includeInIndex = 1; lastKnownFileType = text.xcconfig; name = "Pods-AventOfCode2022.release.xcconfig"; path = "Target Support Files/Pods-AventOfCode2022/Pods-AventOfCode2022.release.xcconfig"; sourceTree = "<group>"; };
		C0918EF500496AE60EE9D6C7 /* libPods-AventOfCode2022.a */ = {isa = PBXFileReference; explicitFileType = archive.ar; includeInIndex = 0; path = "libPods-AventOfCode2022.a"; sourceTree = BUILT_PRODUCTS_DIR; };
/* End PBXFileReference section */

/* Begin PBXFrameworksBuildPhase section */
		5832A07629565F0D00A78902 /* Frameworks */ = {
			isa = PBXFrameworksBuildPhase;
			buildActionMask = 2147483647;
			files = (
				5832A08529565F3900A78902 /* ArgumentParser in Frameworks */,
				17A081685FA5963BEE8CF56F /* libPods-AventOfCode2022.a in Frameworks */,
			);
			runOnlyForDeploymentPostprocessing = 0;
		};
		58BEE628295EED9200BFBC22 /* Frameworks */ = {
			isa = PBXFrameworksBuildPhase;
			buildActionMask = 2147483647;
			files = (
			);
			runOnlyForDeploymentPostprocessing = 0;
		};
/* End PBXFrameworksBuildPhase section */

/* Begin PBXGroup section */
		2EF36695768AC02B33402EE5 /* Pods */ = {
			isa = PBXGroup;
			children = (
				8FDA68B36DAC826EF257C4E4 /* Pods-AventOfCode2022.debug.xcconfig */,
				A3DF88696F4C165CBF714557 /* Pods-AventOfCode2022.release.xcconfig */,
			);
			path = Pods;
			sourceTree = "<group>";
		};
		5832A07029565F0D00A78902 = {
			isa = PBXGroup;
			children = (
				5832A07B29565F0D00A78902 /* AventOfCode2022 */,
				58BEE62C295EED9200BFBC22 /* AventOfCode2022Tests */,
				5832A07A29565F0D00A78902 /* Products */,
				2EF36695768AC02B33402EE5 /* Pods */,
				8A42A398C24526CFD9E61C5D /* Frameworks */,
			);
			sourceTree = "<group>";
		};
		5832A07A29565F0D00A78902 /* Products */ = {
			isa = PBXGroup;
			children = (
				5832A07929565F0D00A78902 /* AventOfCode2022 */,
				58BEE62B295EED9200BFBC22 /* AventOfCode2022Tests.xctest */,
			);
			name = Products;
			sourceTree = "<group>";
		};
		5832A07B29565F0D00A78902 /* AventOfCode2022 */ = {
			isa = PBXGroup;
			children = (
				5832A07C29565F0D00A78902 /* main.swift */,
				58CD152D295DA05700D68429 /* lib.swift */,
				5832A08C295664BD00A78902 /* day1 */,
				5844267129573CC200B77BD7 /* day2 */,
				588FECF82967DDCF00FE57B0 /* day3 */,
			);
			path = AventOfCode2022;
			sourceTree = "<group>";
		};
		5832A08C295664BD00A78902 /* day1 */ = {
			isa = PBXGroup;
			children = (
				5832A08F295664CF00A78902 /* day1.swift */,
				58BEE625295E914800BFBC22 /* day1Lib.swift */,
				5832A08D295664C700A78902 /* example.txt */,
				5844267029571FD500B77BD7 /* input.txt */,
			);
			path = day1;
			sourceTree = "<group>";
		};
		5844267129573CC200B77BD7 /* day2 */ = {
			isa = PBXGroup;
			children = (
				5844267229573CCF00B77BD7 /* day2.swift */,
				584FEFA92964ABB40089C3AC /* day2Lib.swift */,
				584FEFA72964677D0089C3AC /* example.txt */,
				584FEFA82964678D0089C3AC /* input.txt */,
			);
			path = day2;
			sourceTree = "<group>";
		};
		588FECF82967DDCF00FE57B0 /* day3 */ = {
			isa = PBXGroup;
			children = (
				588FECF92967DDE300FE57B0 /* day3.swift */,
				588FECFB2967DDEE00FE57B0 /* day3Lib.swift */,
				588FECFD2967DE0000FE57B0 /* example.txt */,
				588FECFE2967DE0C00FE57B0 /* input.txt */,
			);
			path = day3;
			sourceTree = "<group>";
		};
		58BEE62C295EED9200BFBC22 /* AventOfCode2022Tests */ = {
			isa = PBXGroup;
			children = (
				58BEE62D295EED9200BFBC22 /* AventOfCode2022Tests.swift */,
			);
			path = AventOfCode2022Tests;
			sourceTree = "<group>";
		};
		8A42A398C24526CFD9E61C5D /* Frameworks */ = {
			isa = PBXGroup;
			children = (
				C0918EF500496AE60EE9D6C7 /* libPods-AventOfCode2022.a */,
			);
			name = Frameworks;
			sourceTree = "<group>";
		};
/* End PBXGroup section */

/* Begin PBXNativeTarget section */
		5832A07829565F0D00A78902 /* AventOfCode2022 */ = {
			isa = PBXNativeTarget;
			buildConfigurationList = 5832A08029565F0D00A78902 /* Build configuration list for PBXNativeTarget "AventOfCode2022" */;
			buildPhases = (
				83F31049C42C588BC97007AB /* [CP] Check Pods Manifest.lock */,
				5832A07529565F0D00A78902 /* Sources */,
				5832A07629565F0D00A78902 /* Frameworks */,
				5832A07729565F0D00A78902 /* Copy Files */,
				5832A086295660DC00A78902 /* ShellScript */,
			);
			buildRules = (
			);
			dependencies = (
			);
			name = AventOfCode2022;
			packageProductDependencies = (
				5832A08429565F3900A78902 /* ArgumentParser */,
			);
			productName = AventOfCode2022;
			productReference = 5832A07929565F0D00A78902 /* AventOfCode2022 */;
			productType = "com.apple.product-type.tool";
		};
		58BEE62A295EED9200BFBC22 /* AventOfCode2022Tests */ = {
			isa = PBXNativeTarget;
			buildConfigurationList = 58BEE62F295EED9200BFBC22 /* Build configuration list for PBXNativeTarget "AventOfCode2022Tests" */;
			buildPhases = (
				58BEE627295EED9200BFBC22 /* Sources */,
				58BEE628295EED9200BFBC22 /* Frameworks */,
				58BEE629295EED9200BFBC22 /* Resources */,
			);
			buildRules = (
			);
			dependencies = (
			);
			name = AventOfCode2022Tests;
			productName = AventOfCode2022Tests;
			productReference = 58BEE62B295EED9200BFBC22 /* AventOfCode2022Tests.xctest */;
			productType = "com.apple.product-type.bundle.unit-test";
		};
/* End PBXNativeTarget section */

/* Begin PBXProject section */
		5832A07129565F0D00A78902 /* Project object */ = {
			isa = PBXProject;
			attributes = {
				BuildIndependentTargetsInParallel = 1;
				LastSwiftUpdateCheck = 1410;
				LastUpgradeCheck = 1410;
				TargetAttributes = {
					5832A07829565F0D00A78902 = {
						CreatedOnToolsVersion = 14.1;
					};
					58BEE62A295EED9200BFBC22 = {
						CreatedOnToolsVersion = 14.1;
					};
				};
			};
			buildConfigurationList = 5832A07429565F0D00A78902 /* Build configuration list for PBXProject "AventOfCode2022" */;
			compatibilityVersion = "Xcode 14.0";
			developmentRegion = en;
			hasScannedForEncodings = 0;
			knownRegions = (
				en,
				Base,
			);
			mainGroup = 5832A07029565F0D00A78902;
			packageReferences = (
				5832A08329565F3900A78902 /* XCRemoteSwiftPackageReference "swift-argument-parser" */,
			);
			productRefGroup = 5832A07A29565F0D00A78902 /* Products */;
			projectDirPath = "";
			projectRoot = "";
			targets = (
				5832A07829565F0D00A78902 /* AventOfCode2022 */,
				58BEE62A295EED9200BFBC22 /* AventOfCode2022Tests */,
			);
		};
/* End PBXProject section */

/* Begin PBXResourcesBuildPhase section */
		58BEE629295EED9200BFBC22 /* Resources */ = {
			isa = PBXResourcesBuildPhase;
			buildActionMask = 2147483647;
			files = (
			);
			runOnlyForDeploymentPostprocessing = 0;
		};
/* End PBXResourcesBuildPhase section */

/* Begin PBXShellScriptBuildPhase section */
		5832A086295660DC00A78902 /* ShellScript */ = {
			isa = PBXShellScriptBuildPhase;
			alwaysOutOfDate = 1;
			buildActionMask = 2147483647;
			files = (
			);
			inputFileListPaths = (
			);
			inputPaths = (
			);
			outputFileListPaths = (
			);
			outputPaths = (
			);
			runOnlyForDeploymentPostprocessing = 0;
			shellPath = /bin/sh;
			shellScript = "\"${PODS_ROOT}/SwiftLint/swiftlint\"\n";
		};
		83F31049C42C588BC97007AB /* [CP] Check Pods Manifest.lock */ = {
			isa = PBXShellScriptBuildPhase;
			buildActionMask = 2147483647;
			files = (
			);
			inputFileListPaths = (
			);
			inputPaths = (
				"${PODS_PODFILE_DIR_PATH}/Podfile.lock",
				"${PODS_ROOT}/Manifest.lock",
			);
			name = "[CP] Check Pods Manifest.lock";
			outputFileListPaths = (
			);
			outputPaths = (
				"$(DERIVED_FILE_DIR)/Pods-AventOfCode2022-checkManifestLockResult.txt",
			);
			runOnlyForDeploymentPostprocessing = 0;
			shellPath = /bin/sh;
			shellScript = "diff \"${PODS_PODFILE_DIR_PATH}/Podfile.lock\" \"${PODS_ROOT}/Manifest.lock\" > /dev/null\nif [ $? != 0 ] ; then\n    # print error to STDERR\n    echo \"error: The sandbox is not in sync with the Podfile.lock. Run 'pod install' or update your CocoaPods installation.\" >&2\n    exit 1\nfi\n# This output is used by Xcode 'outputs' to avoid re-running this script phase.\necho \"SUCCESS\" > \"${SCRIPT_OUTPUT_FILE_0}\"\n";
			showEnvVarsInLog = 0;
		};
/* End PBXShellScriptBuildPhase section */

/* Begin PBXSourcesBuildPhase section */
		5832A07529565F0D00A78902 /* Sources */ = {
			isa = PBXSourcesBuildPhase;
			buildActionMask = 2147483647;
			files = (
				588FECFC2967DDEE00FE57B0 /* day3Lib.swift in Sources */,
				5832A090295664CF00A78902 /* day1.swift in Sources */,
				5832A07D29565F0D00A78902 /* main.swift in Sources */,
				58BEE626295E914800BFBC22 /* day1Lib.swift in Sources */,
				5844267329573CCF00B77BD7 /* day2.swift in Sources */,
				58CD152E295DA05700D68429 /* lib.swift in Sources */,
				588FECFA2967DDE300FE57B0 /* day3.swift in Sources */,
				584FEFAA2964ABB40089C3AC /* day2Lib.swift in Sources */,
			);
			runOnlyForDeploymentPostprocessing = 0;
		};
		58BEE627295EED9200BFBC22 /* Sources */ = {
			isa = PBXSourcesBuildPhase;
			buildActionMask = 2147483647;
			files = (
				58BEE62E295EED9200BFBC22 /* AventOfCode2022Tests.swift in Sources */,
			);
			runOnlyForDeploymentPostprocessing = 0;
		};
/* End PBXSourcesBuildPhase section */

/* Begin XCBuildConfiguration section */
		5832A07E29565F0D00A78902 /* Debug */ = {
			isa = XCBuildConfiguration;
			buildSettings = {
				ALWAYS_SEARCH_USER_PATHS = NO;
				CLANG_ANALYZER_NONNULL = YES;
				CLANG_ANALYZER_NUMBER_OBJECT_CONVERSION = YES_AGGRESSIVE;
				CLANG_CXX_LANGUAGE_STANDARD = "gnu++20";
				CLANG_ENABLE_MODULES = YES;
				CLANG_ENABLE_OBJC_ARC = YES;
				CLANG_ENABLE_OBJC_WEAK = YES;
				CLANG_WARN_BLOCK_CAPTURE_AUTORELEASING = YES;
				CLANG_WARN_BOOL_CONVERSION = YES;
				CLANG_WARN_COMMA = YES;
				CLANG_WARN_CONSTANT_CONVERSION = YES;
				CLANG_WARN_DEPRECATED_OBJC_IMPLEMENTATIONS = YES;
				CLANG_WARN_DIRECT_OBJC_ISA_USAGE = YES_ERROR;
				CLANG_WARN_DOCUMENTATION_COMMENTS = YES;
				CLANG_WARN_EMPTY_BODY = YES;
				CLANG_WARN_ENUM_CONVERSION = YES;
				CLANG_WARN_INFINITE_RECURSION = YES;
				CLANG_WARN_INT_CONVERSION = YES;
				CLANG_WARN_NON_LITERAL_NULL_CONVERSION = YES;
				CLANG_WARN_OBJC_IMPLICIT_RETAIN_SELF = YES;
				CLANG_WARN_OBJC_LITERAL_CONVERSION = YES;
				CLANG_WARN_OBJC_ROOT_CLASS = YES_ERROR;
				CLANG_WARN_QUOTED_INCLUDE_IN_FRAMEWORK_HEADER = YES;
				CLANG_WARN_RANGE_LOOP_ANALYSIS = YES;
				CLANG_WARN_STRICT_PROTOTYPES = YES;
				CLANG_WARN_SUSPICIOUS_MOVE = YES;
				CLANG_WARN_UNGUARDED_AVAILABILITY = YES_AGGRESSIVE;
				CLANG_WARN_UNREACHABLE_CODE = YES;
				CLANG_WARN__DUPLICATE_METHOD_MATCH = YES;
				COPY_PHASE_STRIP = NO;
				DEBUG_INFORMATION_FORMAT = dwarf;
				DEFINES_MODULE = YES;
				ENABLE_STRICT_OBJC_MSGSEND = YES;
				ENABLE_TESTABILITY = YES;
				ENABLE_TESTING_SEARCH_PATHS = YES;
				GCC_C_LANGUAGE_STANDARD = gnu11;
				GCC_DYNAMIC_NO_PIC = NO;
				GCC_NO_COMMON_BLOCKS = YES;
				GCC_OPTIMIZATION_LEVEL = 0;
				GCC_PREPROCESSOR_DEFINITIONS = (
					"DEBUG=1",
					"$(inherited)",
				);
				GCC_WARN_64_TO_32_BIT_CONVERSION = YES;
				GCC_WARN_ABOUT_RETURN_TYPE = YES_ERROR;
				GCC_WARN_UNDECLARED_SELECTOR = YES;
				GCC_WARN_UNINITIALIZED_AUTOS = YES_AGGRESSIVE;
				GCC_WARN_UNUSED_FUNCTION = YES;
				GCC_WARN_UNUSED_VARIABLE = YES;
				MACOSX_DEPLOYMENT_TARGET = 13.0;
				MTL_ENABLE_DEBUG_INFO = INCLUDE_SOURCE;
				MTL_FAST_MATH = YES;
				ONLY_ACTIVE_ARCH = YES;
				SDKROOT = macosx;
				SWIFT_ACTIVE_COMPILATION_CONDITIONS = DEBUG;
				SWIFT_OPTIMIZATION_LEVEL = "-Onone";
			};
			name = Debug;
		};
		5832A07F29565F0D00A78902 /* Release */ = {
			isa = XCBuildConfiguration;
			buildSettings = {
				ALWAYS_SEARCH_USER_PATHS = NO;
				CLANG_ANALYZER_NONNULL = YES;
				CLANG_ANALYZER_NUMBER_OBJECT_CONVERSION = YES_AGGRESSIVE;
				CLANG_CXX_LANGUAGE_STANDARD = "gnu++20";
				CLANG_ENABLE_MODULES = YES;
				CLANG_ENABLE_OBJC_ARC = YES;
				CLANG_ENABLE_OBJC_WEAK = YES;
				CLANG_WARN_BLOCK_CAPTURE_AUTORELEASING = YES;
				CLANG_WARN_BOOL_CONVERSION = YES;
				CLANG_WARN_COMMA = YES;
				CLANG_WARN_CONSTANT_CONVERSION = YES;
				CLANG_WARN_DEPRECATED_OBJC_IMPLEMENTATIONS = YES;
				CLANG_WARN_DIRECT_OBJC_ISA_USAGE = YES_ERROR;
				CLANG_WARN_DOCUMENTATION_COMMENTS = YES;
				CLANG_WARN_EMPTY_BODY = YES;
				CLANG_WARN_ENUM_CONVERSION = YES;
				CLANG_WARN_INFINITE_RECURSION = YES;
				CLANG_WARN_INT_CONVERSION = YES;
				CLANG_WARN_NON_LITERAL_NULL_CONVERSION = YES;
				CLANG_WARN_OBJC_IMPLICIT_RETAIN_SELF = YES;
				CLANG_WARN_OBJC_LITERAL_CONVERSION = YES;
				CLANG_WARN_OBJC_ROOT_CLASS = YES_ERROR;
				CLANG_WARN_QUOTED_INCLUDE_IN_FRAMEWORK_HEADER = YES;
				CLANG_WARN_RANGE_LOOP_ANALYSIS = YES;
				CLANG_WARN_STRICT_PROTOTYPES = YES;
				CLANG_WARN_SUSPICIOUS_MOVE = YES;
				CLANG_WARN_UNGUARDED_AVAILABILITY = YES_AGGRESSIVE;
				CLANG_WARN_UNREACHABLE_CODE = YES;
				CLANG_WARN__DUPLICATE_METHOD_MATCH = YES;
				COPY_PHASE_STRIP = NO;
				DEBUG_INFORMATION_FORMAT = "dwarf-with-dsym";
				DEFINES_MODULE = YES;
				ENABLE_NS_ASSERTIONS = NO;
				ENABLE_STRICT_OBJC_MSGSEND = YES;
				ENABLE_TESTABILITY = NO;
				ENABLE_TESTING_SEARCH_PATHS = NO;
				GCC_C_LANGUAGE_STANDARD = gnu11;
				GCC_NO_COMMON_BLOCKS = YES;
				GCC_WARN_64_TO_32_BIT_CONVERSION = YES;
				GCC_WARN_ABOUT_RETURN_TYPE = YES_ERROR;
				GCC_WARN_UNDECLARED_SELECTOR = YES;
				GCC_WARN_UNINITIALIZED_AUTOS = YES_AGGRESSIVE;
				GCC_WARN_UNUSED_FUNCTION = YES;
				GCC_WARN_UNUSED_VARIABLE = YES;
				MACOSX_DEPLOYMENT_TARGET = 13.0;
				MTL_ENABLE_DEBUG_INFO = NO;
				MTL_FAST_MATH = YES;
				SDKROOT = macosx;
				SWIFT_COMPILATION_MODE = wholemodule;
				SWIFT_OPTIMIZATION_LEVEL = "-O";
			};
			name = Release;
		};
		5832A08129565F0D00A78902 /* Debug */ = {
			isa = XCBuildConfiguration;
			baseConfigurationReference = 8FDA68B36DAC826EF257C4E4 /* Pods-AventOfCode2022.debug.xcconfig */;
			buildSettings = {
				CODE_SIGN_STYLE = Automatic;
				DEFINES_MODULE = YES;
				DEVELOPMENT_TEAM = R5YS792LYS;
				ENABLE_HARDENED_RUNTIME = YES;
				ENABLE_TESTABILITY = YES;
				ENABLE_TESTING_SEARCH_PATHS = YES;
				PRODUCT_NAME = "$(TARGET_NAME)";
				SWIFT_VERSION = 5.0;
			};
			name = Debug;
		};
		5832A08229565F0D00A78902 /* Release */ = {
			isa = XCBuildConfiguration;
			baseConfigurationReference = A3DF88696F4C165CBF714557 /* Pods-AventOfCode2022.release.xcconfig */;
			buildSettings = {
				CODE_SIGN_STYLE = Automatic;
				DEFINES_MODULE = YES;
				DEVELOPMENT_TEAM = R5YS792LYS;
				ENABLE_HARDENED_RUNTIME = YES;
				ENABLE_TESTABILITY = YES;
				ENABLE_TESTING_SEARCH_PATHS = YES;
				PRODUCT_NAME = "$(TARGET_NAME)";
				SWIFT_VERSION = 5.0;
			};
			name = Release;
		};
		58BEE630295EED9200BFBC22 /* Debug */ = {
			isa = XCBuildConfiguration;
			buildSettings = {
				CODE_SIGN_STYLE = Automatic;
				CURRENT_PROJECT_VERSION = 1;
				DEVELOPMENT_TEAM = R5YS792LYS;
				GENERATE_INFOPLIST_FILE = YES;
				HEADER_SEARCH_PATHS = "$(SRCROOT)/Pods/**";
				MARKETING_VERSION = 1.0;
				PRODUCT_BUNDLE_IDENTIFIER = com.cpea.AventOfCode2022Tests;
				PRODUCT_NAME = "$(TARGET_NAME)";
				SWIFT_EMIT_LOC_STRINGS = NO;
				SWIFT_VERSION = 5.0;
			};
			name = Debug;
		};
		58BEE631295EED9200BFBC22 /* Release */ = {
			isa = XCBuildConfiguration;
			buildSettings = {
				CODE_SIGN_STYLE = Automatic;
				CURRENT_PROJECT_VERSION = 1;
				DEVELOPMENT_TEAM = R5YS792LYS;
				GENERATE_INFOPLIST_FILE = YES;
				HEADER_SEARCH_PATHS = "$(SRCROOT)/Pods/**";
				MARKETING_VERSION = 1.0;
				PRODUCT_BUNDLE_IDENTIFIER = com.cpea.AventOfCode2022Tests;
				PRODUCT_NAME = "$(TARGET_NAME)";
				SWIFT_EMIT_LOC_STRINGS = NO;
				SWIFT_VERSION = 5.0;
			};
			name = Release;
		};
/* End XCBuildConfiguration section */

/* Begin XCConfigurationList section */
		5832A07429565F0D00A78902 /* Build configuration list for PBXProject "AventOfCode2022" */ = {
			isa = XCConfigurationList;
			buildConfigurations = (
				5832A07E29565F0D00A78902 /* Debug */,
				5832A07F29565F0D00A78902 /* Release */,
			);
			defaultConfigurationIsVisible = 0;
			defaultConfigurationName = Debug;
		};
		5832A08029565F0D00A78902 /* Build configuration list for PBXNativeTarget "AventOfCode2022" */ = {
			isa = XCConfigurationList;
			buildConfigurations = (
				5832A08129565F0D00A78902 /* Debug */,
				5832A08229565F0D00A78902 /* Release */,
			);
			defaultConfigurationIsVisible = 0;
			defaultConfigurationName = Debug;
		};
		58BEE62F295EED9200BFBC22 /* Build configuration list for PBXNativeTarget "AventOfCode2022Tests" */ = {
			isa = XCConfigurationList;
			buildConfigurations = (
				58BEE630295EED9200BFBC22 /* Debug */,
				58BEE631295EED9200BFBC22 /* Release */,
			);
			defaultConfigurationIsVisible = 0;
			defaultConfigurationName = Debug;
		};
/* End XCConfigurationList section */

/* Begin XCRemoteSwiftPackageReference section */
		5832A08329565F3900A78902 /* XCRemoteSwiftPackageReference "swift-argument-parser" */ = {
			isa = XCRemoteSwiftPackageReference;
			repositoryURL = "https://github.com/apple/swift-argument-parser.git";
			requirement = {
				kind = upToNextMajorVersion;
				minimumVersion = 1.0.0;
			};
		};
/* End XCRemoteSwiftPackageReference section */

/* Begin XCSwiftPackageProductDependency section */
		5832A08429565F3900A78902 /* ArgumentParser */ = {
			isa = XCSwiftPackageProductDependency;
			package = 5832A08329565F3900A78902 /* XCRemoteSwiftPackageReference "swift-argument-parser" */;
			productName = ArgumentParser;
		};
/* End XCSwiftPackageProductDependency section */
	};
	rootObject = 5832A07129565F0D00A78902 /* Project object */;
}
